# THIS IS AN AUTOGENERATED FILE. DO NOT EDIT THIS FILE DIRECTLY.
# yarn lockfile v1


"@types/node@^14.14.37":
  version "14.14.41"
  resolved "https://registry.yarnpkg.com/@types/node/-/node-14.14.41.tgz#d0b939d94c1d7bd53d04824af45f1139b8c45615"
  integrity sha512-dueRKfaJL4RTtSa7bWeTK1M+VH+Gns73oCgzvYfHZywRCoPSd8EkXBL0mZ9unPTveBn+D9phZBaxuzpwjWkW0g==

esbuild-register@^2.4.0:
  version "2.5.0"
  resolved "https://registry.yarnpkg.com/esbuild-register/-/esbuild-register-2.5.0.tgz#b855d8cfa963835a16866146e310691bd8afa4f5"
  integrity sha512-5a8W3rH7IQbIPR9pPXJFkC3+CRMtm/OSpBz3hkWUUU63oPZ3NU6dVDGfaIjKnRizCTIRoGjNE6KEDt5p1sLwEw==
  dependencies:
    esbuild "^0.11.5"
    jsonc-parser "^3.0.0"

esbuild@^0.11.5:
  version "0.11.12"
  resolved "https://registry.yarnpkg.com/esbuild/-/esbuild-0.11.12.tgz#8cbe15bcb44212624c3e77c896a835f74dc71c3c"
  integrity sha512-c8cso/1RwVj+fbDvLtUgSG4ZJQ0y9Zdrl6Ot/GAjyy4pdMCHaFnDMts5gqFnWRPLajWtEnI+3hlET4R9fVoZng==

jsonc-parser@^3.0.0:
  version "3.0.0"
  resolved "https://registry.yarnpkg.com/jsonc-parser/-/jsonc-parser-3.0.0.tgz#abdd785701c7e7eaca8a9ec8cf070ca51a745a22"
  integrity sha512-fQzRfAbIBnR0IQvftw9FJveWiHp72Fg20giDrHz6TdfB12UH/uue0D3hm57UB5KgAVuniLMCaS8P1IMj9NR7cA==

typescript@^4.2.4:
  version "4.2.4"
  resolved "https://registry.yarnpkg.com/typescript/-/typescript-4.2.4.tgz#8610b59747de028fda898a8aef0e103f156d0961"
  integrity sha512-V+evlYHZnQkaz8TRBuxTA92yZBPotr5H+WhQ7bD3hZUndx5tGOa1fuCgeSjxAzM1RiN5IzvadIXTVefuuwZCRg==
